
Microsoft Visual Studio Solution File, Format Version 12.00
# Visual Studio Version 16
VisualStudioVersion = 16.0.30907.101
MinimumVisualStudioVersion = 10.0.40219.1
Project("{FAE04EC0-301F-11D3-BF4B-00C04F79EFBC}") = "Converter", "Converter.csproj", "{925A7CBB-354C-4EDE-9BD4-38082D423C2A}"
EndProject
Global
	GlobalSection(SolutionConfigurationPlatforms) = preSolution
		Debug|Any CPU = Debug|Any CPU
		Debug|x64 = Debug|x64
		Release|Any CPU = Release|Any CPU
		Release|x64 = Release|x64
		x64|Any CPU = x64|Any CPU
		x64|x64 = x64|x64
	EndGlobalSection
	GlobalSection(ProjectConfigurationPlatforms) = postSolution
		{925A7CBB-354C-4EDE-9BD4-38082D423C2A}.Debug|Any CPU.ActiveCfg = Debug|Any CPU
		{925A7CBB-354C-4EDE-9BD4-38082D423C2A}.Debug|Any CPU.Build.0 = Debug|Any CPU
		{925A7CBB-354C-4EDE-9BD4-38082D423C2A}.Debug|x64.ActiveCfg = Debug|x64
		{925A7CBB-354C-4EDE-9BD4-38082D423C2A}.Debug|x64.Build.0 = Debug|x64
		{925A7CBB-354C-4EDE-9BD4-38082D423C2A}.Release|Any CPU.ActiveCfg = Release|Any CPU
		{925A7CBB-354C-4EDE-9BD4-38082D423C2A}.Release|Any CPU.Build.0 = Release|Any CPU
		{925A7CBB-354C-4EDE-9BD4-38082D423C2A}.Release|x64.ActiveCfg = Release|x64
		{925A7CBB-354C-4EDE-9BD4-38082D423C2A}.Release|x64.Build.0 = Release|x64
		{925A7CBB-354C-4EDE-9BD4-38082D423C2A}.x64|Any CPU.ActiveCfg = x64|Any CPU
		{925A7CBB-354C-4EDE-9BD4-38082D423C2A}.x64|Any CPU.Build.0 = x64|Any CPU
		{925A7CBB-354C-4EDE-9BD4-38082D423C2A}.x64|x64.ActiveCfg = x64|x64
		{925A7CBB-354C-4EDE-9BD4-38082D423C2A}.x64|x64.Build.0 = x64|x64
	EndGlobalSection
	GlobalSection(SolutionProperties) = preSolution
		HideSolutionNode = FALSE
	EndGlobalSection
	GlobalSection(ExtensibilityGlobals) = postSolution
		SolutionGuid = {EB669972-38EA-4A97-85D3-9A663EA91A47}
	EndGlobalSection
EndGlobal
